
Microsoft Visual Studio Solution File, Format Version 12.00
# Visual Studio Version 16
VisualStudioVersion = 16.0.30621.155
MinimumVisualStudioVersion = 10.0.40219.1
Project("{FAE04EC0-301F-11D3-BF4B-00C04F79EFBC}") = "Naloga4_Sah", "Naloga4_Sah\Naloga4_Sah.csproj", "{312812FF-A5F2-4ED5-B007-4A60ECB8EF5E}"
EndProject
Global
	GlobalSection(SolutionConfigurationPlatforms) = preSolution
		Debug|Any CPU = Debug|Any CPU
		Release|Any CPU = Release|Any CPU
	EndGlobalSection
	GlobalSection(ProjectConfigurationPlatforms) = postSolution
		{312812FF-A5F2-4ED5-B007-4A60ECB8EF5E}.Debug|Any CPU.ActiveCfg = Debug|Any CPU
		{312812FF-A5F2-4ED5-B007-4A60ECB8EF5E}.Debug|Any CPU.Build.0 = Debug|Any CPU
		{312812FF-A5F2-4ED5-B007-4A60ECB8EF5E}.Release|Any CPU.ActiveCfg = Release|Any CPU
		{312812FF-A5F2-4ED5-B007-4A60ECB8EF5E}.Release|Any CPU.Build.0 = Release|Any CPU
	EndGlobalSection
	GlobalSection(SolutionProperties) = preSolution
		HideSolutionNode = FALSE
	EndGlobalSection
	GlobalSection(ExtensibilityGlobals) = postSolution
		SolutionGuid = {9DC25B53-AAA2-43B5-810B-495755613728}
	EndGlobalSection
EndGlobal
